// !$*UTF8*$!
{
	archiveVersion = 1;
	classes = {
	};
	objectVersion = 50;
	objects = {

/* Begin PBXBuildFile section */
		0DDED8DC22F67B9E008260BC /* AppDelegate.swift in Sources */ = {isa = PBXBuildFile; fileRef = 0DDED8DB22F67B9E008260BC /* AppDelegate.swift */; };
		0DDED8DE22F67B9E008260BC /* ViewController.swift in Sources */ = {isa = PBXBuildFile; fileRef = 0DDED8DD22F67B9E008260BC /* ViewController.swift */; };
		0DDED8E122F67B9E008260BC /* Main.storyboard in Resources */ = {isa = PBXBuildFile; fileRef = 0DDED8DF22F67B9E008260BC /* Main.storyboard */; };
		0DDED8E322F67BA2008260BC /* Assets.xcassets in Resources */ = {isa = PBXBuildFile; fileRef = 0DDED8E222F67BA2008260BC /* Assets.xcassets */; };
		0DDED8E622F67BA2008260BC /* LaunchScreen.storyboard in Resources */ = {isa = PBXBuildFile; fileRef = 0DDED8E422F67BA2008260BC /* LaunchScreen.storyboard */; };
		0DDED8EB22F67BA2008260BC /* CaraCoroa WatchKit App.app in Embed Watch Content */ = {isa = PBXBuildFile; fileRef = 0DDED8EA22F67BA2008260BC /* CaraCoroa WatchKit App.app */; };
		0DDED8F122F67BA2008260BC /* Interface.storyboard in Resources */ = {isa = PBXBuildFile; fileRef = 0DDED8EF22F67BA2008260BC /* Interface.storyboard */; };
		0DDED8F322F67BA3008260BC /* Assets.xcassets in Resources */ = {isa = PBXBuildFile; fileRef = 0DDED8F222F67BA3008260BC /* Assets.xcassets */; };
		0DDED8FA22F67BA4008260BC /* CaraCoroa WatchKit Extension.appex in Embed App Extensions */ = {isa = PBXBuildFile; fileRef = 0DDED8F922F67BA4008260BC /* CaraCoroa WatchKit Extension.appex */; settings = {ATTRIBUTES = (RemoveHeadersOnCopy, ); }; };
		0DDED8FF22F67BA4008260BC /* InterfaceController.swift in Sources */ = {isa = PBXBuildFile; fileRef = 0DDED8FE22F67BA4008260BC /* InterfaceController.swift */; };
		0DDED90122F67BA4008260BC /* ExtensionDelegate.swift in Sources */ = {isa = PBXBuildFile; fileRef = 0DDED90022F67BA4008260BC /* ExtensionDelegate.swift */; };
		0DDED90322F67BA6008260BC /* Assets.xcassets in Resources */ = {isa = PBXBuildFile; fileRef = 0DDED90222F67BA6008260BC /* Assets.xcassets */; };
/* End PBXBuildFile section */

/* Begin PBXContainerItemProxy section */
		0DDED8EC22F67BA2008260BC /* PBXContainerItemProxy */ = {
			isa = PBXContainerItemProxy;
			containerPortal = 0DDED8D022F67B9E008260BC /* Project object */;
			proxyType = 1;
			remoteGlobalIDString = 0DDED8E922F67BA2008260BC;
			remoteInfo = "CaraCoroa WatchKit App";
		};
		0DDED8FB22F67BA4008260BC /* PBXContainerItemProxy */ = {
			isa = PBXContainerItemProxy;
			containerPortal = 0DDED8D022F67B9E008260BC /* Project object */;
			proxyType = 1;
			remoteGlobalIDString = 0DDED8F822F67BA4008260BC;
			remoteInfo = "CaraCoroa WatchKit Extension";
		};
/* End PBXContainerItemProxy section */

/* Begin PBXCopyFilesBuildPhase section */
		0DDED90A22F67BA6008260BC /* Embed App Extensions */ = {
			isa = PBXCopyFilesBuildPhase;
			buildActionMask = 2147483647;
			dstPath = "";
			dstSubfolderSpec = 13;
			files = (
				0DDED8FA22F67BA4008260BC /* CaraCoroa WatchKit Extension.appex in Embed App Extensions */,
			);
			name = "Embed App Extensions";
			runOnlyForDeploymentPostprocessing = 0;
		};
		0DDED90E22F67BA6008260BC /* Embed Watch Content */ = {
			isa = PBXCopyFilesBuildPhase;
			buildActionMask = 2147483647;
			dstPath = "$(CONTENTS_FOLDER_PATH)/Watch";
			dstSubfolderSpec = 16;
			files = (
				0DDED8EB22F67BA2008260BC /* CaraCoroa WatchKit App.app in Embed Watch Content */,
			);
			name = "Embed Watch Content";
			runOnlyForDeploymentPostprocessing = 0;
		};
/* End PBXCopyFilesBuildPhase section */

/* Begin PBXFileReference section */
		0DDED8D822F67B9E008260BC /* CaraCoroa.app */ = {isa = PBXFileReference; explicitFileType = wrapper.application; includeInIndex = 0; path = CaraCoroa.app; sourceTree = BUILT_PRODUCTS_DIR; };
		0DDED8DB22F67B9E008260BC /* AppDelegate.swift */ = {isa = PBXFileReference; lastKnownFileType = sourcecode.swift; path = AppDelegate.swift; sourceTree = "<group>"; };
		0DDED8DD22F67B9E008260BC /* ViewController.swift */ = {isa = PBXFileReference; lastKnownFileType = sourcecode.swift; path = ViewController.swift; sourceTree = "<group>"; };
		0DDED8E022F67B9E008260BC /* Base */ = {isa = PBXFileReference; lastKnownFileType = file.storyboard; name = Base; path = Base.lproj/Main.storyboard; sourceTree = "<group>"; };
		0DDED8E222F67BA2008260BC /* Assets.xcassets */ = {isa = PBXFileReference; lastKnownFileType = folder.assetcatalog; path = Assets.xcassets; sourceTree = "<group>"; };
		0DDED8E522F67BA2008260BC /* Base */ = {isa = PBXFileReference; lastKnownFileType = file.storyboard; name = Base; path = Base.lproj/LaunchScreen.storyboard; sourceTree = "<group>"; };
		0DDED8E722F67BA2008260BC /* Info.plist */ = {isa = PBXFileReference; lastKnownFileType = text.plist.xml; path = Info.plist; sourceTree = "<group>"; };
		0DDED8EA22F67BA2008260BC /* CaraCoroa WatchKit App.app */ = {isa = PBXFileReference; explicitFileType = wrapper.application; includeInIndex = 0; path = "CaraCoroa WatchKit App.app"; sourceTree = BUILT_PRODUCTS_DIR; };
		0DDED8F022F67BA2008260BC /* Base */ = {isa = PBXFileReference; lastKnownFileType = file.storyboard; name = Base; path = Base.lproj/Interface.storyboard; sourceTree = "<group>"; };
		0DDED8F222F67BA3008260BC /* Assets.xcassets */ = {isa = PBXFileReference; lastKnownFileType = folder.assetcatalog; path = Assets.xcassets; sourceTree = "<group>"; };
		0DDED8F422F67BA3008260BC /* Info.plist */ = {isa = PBXFileReference; lastKnownFileType = text.plist.xml; path = Info.plist; sourceTree = "<group>"; };
		0DDED8F922F67BA4008260BC /* CaraCoroa WatchKit Extension.appex */ = {isa = PBXFileReference; explicitFileType = "wrapper.app-extension"; includeInIndex = 0; path = "CaraCoroa WatchKit Extension.appex"; sourceTree = BUILT_PRODUCTS_DIR; };
		0DDED8FE22F67BA4008260BC /* InterfaceController.swift */ = {isa = PBXFileReference; lastKnownFileType = sourcecode.swift; path = InterfaceController.swift; sourceTree = "<group>"; };
		0DDED90022F67BA4008260BC /* ExtensionDelegate.swift */ = {isa = PBXFileReference; lastKnownFileType = sourcecode.swift; path = ExtensionDelegate.swift; sourceTree = "<group>"; };
		0DDED90222F67BA6008260BC /* Assets.xcassets */ = {isa = PBXFileReference; lastKnownFileType = folder.assetcatalog; path = Assets.xcassets; sourceTree = "<group>"; };
		0DDED90422F67BA6008260BC /* Info.plist */ = {isa = PBXFileReference; lastKnownFileType = text.plist.xml; path = Info.plist; sourceTree = "<group>"; };
/* End PBXFileReference section */

/* Begin PBXFrameworksBuildPhase section */
		0DDED8D522F67B9E008260BC /* Frameworks */ = {
			isa = PBXFrameworksBuildPhase;
			buildActionMask = 2147483647;
			files = (
			);
			runOnlyForDeploymentPostprocessing = 0;
		};
		0DDED8F622F67BA4008260BC /* Frameworks */ = {
			isa = PBXFrameworksBuildPhase;
			buildActionMask = 2147483647;
			files = (
			);
			runOnlyForDeploymentPostprocessing = 0;
		};
/* End PBXFrameworksBuildPhase section */

/* Begin PBXGroup section */
		0DDED8CF22F67B9E008260BC = {
			isa = PBXGroup;
			children = (
				0DDED8DA22F67B9E008260BC /* CaraCoroa */,
				0DDED8EE22F67BA2008260BC /* CaraCoroa WatchKit App */,
				0DDED8FD22F67BA4008260BC /* CaraCoroa WatchKit Extension */,
				0DDED8D922F67B9E008260BC /* Products */,
			);
			sourceTree = "<group>";
		};
		0DDED8D922F67B9E008260BC /* Products */ = {
			isa = PBXGroup;
			children = (
				0DDED8D822F67B9E008260BC /* CaraCoroa.app */,
				0DDED8EA22F67BA2008260BC /* CaraCoroa WatchKit App.app */,
				0DDED8F922F67BA4008260BC /* CaraCoroa WatchKit Extension.appex */,
			);
			name = Products;
			sourceTree = "<group>";
		};
		0DDED8DA22F67B9E008260BC /* CaraCoroa */ = {
			isa = PBXGroup;
			children = (
				0DDED8DB22F67B9E008260BC /* AppDelegate.swift */,
				0DDED8DD22F67B9E008260BC /* ViewController.swift */,
				0DDED8DF22F67B9E008260BC /* Main.storyboard */,
				0DDED8E222F67BA2008260BC /* Assets.xcassets */,
				0DDED8E422F67BA2008260BC /* LaunchScreen.storyboard */,
				0DDED8E722F67BA2008260BC /* Info.plist */,
			);
			path = CaraCoroa;
			sourceTree = "<group>";
		};
		0DDED8EE22F67BA2008260BC /* CaraCoroa WatchKit App */ = {
			isa = PBXGroup;
			children = (
				0DDED8EF22F67BA2008260BC /* Interface.storyboard */,
				0DDED8F222F67BA3008260BC /* Assets.xcassets */,
				0DDED8F422F67BA3008260BC /* Info.plist */,
			);
			path = "CaraCoroa WatchKit App";
			sourceTree = "<group>";
		};
		0DDED8FD22F67BA4008260BC /* CaraCoroa WatchKit Extension */ = {
			isa = PBXGroup;
			children = (
				0DDED8FE22F67BA4008260BC /* InterfaceController.swift */,
				0DDED90022F67BA4008260BC /* ExtensionDelegate.swift */,
				0DDED90222F67BA6008260BC /* Assets.xcassets */,
				0DDED90422F67BA6008260BC /* Info.plist */,
			);
			path = "CaraCoroa WatchKit Extension";
			sourceTree = "<group>";
		};
/* End PBXGroup section */

/* Begin PBXNativeTarget section */
		0DDED8D722F67B9E008260BC /* CaraCoroa */ = {
			isa = PBXNativeTarget;
			buildConfigurationList = 0DDED90F22F67BA6008260BC /* Build configuration list for PBXNativeTarget "CaraCoroa" */;
			buildPhases = (
				0DDED8D422F67B9E008260BC /* Sources */,
				0DDED8D522F67B9E008260BC /* Frameworks */,
				0DDED8D622F67B9E008260BC /* Resources */,
				0DDED90E22F67BA6008260BC /* Embed Watch Content */,
			);
			buildRules = (
			);
			dependencies = (
				0DDED8ED22F67BA2008260BC /* PBXTargetDependency */,
			);
			name = CaraCoroa;
			productName = CaraCoroa;
			productReference = 0DDED8D822F67B9E008260BC /* CaraCoroa.app */;
			productType = "com.apple.product-type.application";
		};
		0DDED8E922F67BA2008260BC /* CaraCoroa WatchKit App */ = {
			isa = PBXNativeTarget;
			buildConfigurationList = 0DDED90B22F67BA6008260BC /* Build configuration list for PBXNativeTarget "CaraCoroa WatchKit App" */;
			buildPhases = (
				0DDED8E822F67BA2008260BC /* Resources */,
				0DDED90A22F67BA6008260BC /* Embed App Extensions */,
			);
			buildRules = (
			);
			dependencies = (
				0DDED8FC22F67BA4008260BC /* PBXTargetDependency */,
			);
			name = "CaraCoroa WatchKit App";
			productName = "CaraCoroa WatchKit App";
			productReference = 0DDED8EA22F67BA2008260BC /* CaraCoroa WatchKit App.app */;
			productType = "com.apple.product-type.application.watchapp2";
		};
		0DDED8F822F67BA4008260BC /* CaraCoroa WatchKit Extension */ = {
			isa = PBXNativeTarget;
			buildConfigurationList = 0DDED90722F67BA6008260BC /* Build configuration list for PBXNativeTarget "CaraCoroa WatchKit Extension" */;
			buildPhases = (
				0DDED8F522F67BA4008260BC /* Sources */,
				0DDED8F622F67BA4008260BC /* Frameworks */,
				0DDED8F722F67BA4008260BC /* Resources */,
			);
			buildRules = (
			);
			dependencies = (
			);
			name = "CaraCoroa WatchKit Extension";
			productName = "CaraCoroa WatchKit Extension";
			productReference = 0DDED8F922F67BA4008260BC /* CaraCoroa WatchKit Extension.appex */;
			productType = "com.apple.product-type.watchkit2-extension";
		};
/* End PBXNativeTarget section */

/* Begin PBXProject section */
		0DDED8D022F67B9E008260BC /* Project object */ = {
			isa = PBXProject;
			attributes = {
				LastSwiftUpdateCheck = 1020;
				LastUpgradeCheck = 1020;
				ORGANIZATIONNAME = "Eduarda Mello";
				TargetAttributes = {
					0DDED8D722F67B9E008260BC = {
						CreatedOnToolsVersion = 10.2.1;
					};
					0DDED8E922F67BA2008260BC = {
						CreatedOnToolsVersion = 10.2.1;
					};
					0DDED8F822F67BA4008260BC = {
						CreatedOnToolsVersion = 10.2.1;
					};
				};
			};
			buildConfigurationList = 0DDED8D322F67B9E008260BC /* Build configuration list for PBXProject "CaraCoroa" */;
			compatibilityVersion = "Xcode 9.3";
			developmentRegion = en;
			hasScannedForEncodings = 0;
			knownRegions = (
				en,
				Base,
			);
			mainGroup = 0DDED8CF22F67B9E008260BC;
			productRefGroup = 0DDED8D922F67B9E008260BC /* Products */;
			projectDirPath = "";
			projectRoot = "";
			targets = (
				0DDED8D722F67B9E008260BC /* CaraCoroa */,
				0DDED8E922F67BA2008260BC /* CaraCoroa WatchKit App */,
				0DDED8F822F67BA4008260BC /* CaraCoroa WatchKit Extension */,
			);
		};
/* End PBXProject section */

/* Begin PBXResourcesBuildPhase section */
		0DDED8D622F67B9E008260BC /* Resources */ = {
			isa = PBXResourcesBuildPhase;
			buildActionMask = 2147483647;
			files = (
				0DDED8E622F67BA2008260BC /* LaunchScreen.storyboard in Resources */,
				0DDED8E322F67BA2008260BC /* Assets.xcassets in Resources */,
				0DDED8E122F67B9E008260BC /* Main.storyboard in Resources */,
			);
			runOnlyForDeploymentPostprocessing = 0;
		};
		0DDED8E822F67BA2008260BC /* Resources */ = {
			isa = PBXResourcesBuildPhase;
			buildActionMask = 2147483647;
			files = (
				0DDED8F322F67BA3008260BC /* Assets.xcassets in Resources */,
				0DDED8F122F67BA2008260BC /* Interface.storyboard in Resources */,
			);
			runOnlyForDeploymentPostprocessing = 0;
		};
		0DDED8F722F67BA4008260BC /* Resources */ = {
			isa = PBXResourcesBuildPhase;
			buildActionMask = 2147483647;
			files = (
				0DDED90322F67BA6008260BC /* Assets.xcassets in Resources */,
			);
			runOnlyForDeploymentPostprocessing = 0;
		};
/* End PBXResourcesBuildPhase section */

/* Begin PBXSourcesBuildPhase section */
		0DDED8D422F67B9E008260BC /* Sources */ = {
			isa = PBXSourcesBuildPhase;
			buildActionMask = 2147483647;
			files = (
				0DDED8DE22F67B9E008260BC /* ViewController.swift in Sources */,
				0DDED8DC22F67B9E008260BC /* AppDelegate.swift in Sources */,
			);
			runOnlyForDeploymentPostprocessing = 0;
		};
		0DDED8F522F67BA4008260BC /* Sources */ = {
			isa = PBXSourcesBuildPhase;
			buildActionMask = 2147483647;
			files = (
				0DDED90122F67BA4008260BC /* ExtensionDelegate.swift in Sources */,
				0DDED8FF22F67BA4008260BC /* InterfaceController.swift in Sources */,
			);
			runOnlyForDeploymentPostprocessing = 0;
		};
/* End PBXSourcesBuildPhase section */

/* Begin PBXTargetDependency section */
		0DDED8ED22F67BA2008260BC /* PBXTargetDependency */ = {
			isa = PBXTargetDependency;
			target = 0DDED8E922F67BA2008260BC /* CaraCoroa WatchKit App */;
			targetProxy = 0DDED8EC22F67BA2008260BC /* PBXContainerItemProxy */;
		};
		0DDED8FC22F67BA4008260BC /* PBXTargetDependency */ = {
			isa = PBXTargetDependency;
			target = 0DDED8F822F67BA4008260BC /* CaraCoroa WatchKit Extension */;
			targetProxy = 0DDED8FB22F67BA4008260BC /* PBXContainerItemProxy */;
		};
/* End PBXTargetDependency section */

/* Begin PBXVariantGroup section */
		0DDED8DF22F67B9E008260BC /* Main.storyboard */ = {
			isa = PBXVariantGroup;
			children = (
				0DDED8E022F67B9E008260BC /* Base */,
			);
			name = Main.storyboard;
			sourceTree = "<group>";
		};
		0DDED8E422F67BA2008260BC /* LaunchScreen.storyboard */ = {
			isa = PBXVariantGroup;
			children = (
				0DDED8E522F67BA2008260BC /* Base */,
			);
			name = LaunchScreen.storyboard;
			sourceTree = "<group>";
		};
		0DDED8EF22F67BA2008260BC /* Interface.storyboard */ = {
			isa = PBXVariantGroup;
			children = (
				0DDED8F022F67BA2008260BC /* Base */,
			);
			name = Interface.storyboard;
			sourceTree = "<group>";
		};
/* End PBXVariantGroup section */

/* Begin XCBuildConfiguration section */
		0DDED90522F67BA6008260BC /* Debug */ = {
			isa = XCBuildConfiguration;
			buildSettings = {
				ALWAYS_SEARCH_USER_PATHS = NO;
				CLANG_ANALYZER_NONNULL = YES;
				CLANG_ANALYZER_NUMBER_OBJECT_CONVERSION = YES_AGGRESSIVE;
				CLANG_CXX_LANGUAGE_STANDARD = "gnu++14";
				CLANG_CXX_LIBRARY = "libc++";
				CLANG_ENABLE_MODULES = YES;
				CLANG_ENABLE_OBJC_ARC = YES;
				CLANG_ENABLE_OBJC_WEAK = YES;
				CLANG_WARN_BLOCK_CAPTURE_AUTORELEASING = YES;
				CLANG_WARN_BOOL_CONVERSION = YES;
				CLANG_WARN_COMMA = YES;
				CLANG_WARN_CONSTANT_CONVERSION = YES;
				CLANG_WARN_DEPRECATED_OBJC_IMPLEMENTATIONS = YES;
				CLANG_WARN_DIRECT_OBJC_ISA_USAGE = YES_ERROR;
				CLANG_WARN_DOCUMENTATION_COMMENTS = YES;
				CLANG_WARN_EMPTY_BODY = YES;
				CLANG_WARN_ENUM_CONVERSION = YES;
				CLANG_WARN_INFINITE_RECURSION = YES;
				CLANG_WARN_INT_CONVERSION = YES;
				CLANG_WARN_NON_LITERAL_NULL_CONVERSION = YES;
				CLANG_WARN_OBJC_IMPLICIT_RETAIN_SELF = YES;
				CLANG_WARN_OBJC_LITERAL_CONVERSION = YES;
				CLANG_WARN_OBJC_ROOT_CLASS = YES_ERROR;
				CLANG_WARN_RANGE_LOOP_ANALYSIS = YES;
				CLANG_WARN_STRICT_PROTOTYPES = YES;
				CLANG_WARN_SUSPICIOUS_MOVE = YES;
				CLANG_WARN_UNGUARDED_AVAILABILITY = YES_AGGRESSIVE;
				CLANG_WARN_UNREACHABLE_CODE = YES;
				CLANG_WARN__DUPLICATE_METHOD_MATCH = YES;
				CODE_SIGN_IDENTITY = "iPhone Developer";
				COPY_PHASE_STRIP = NO;
				DEBUG_INFORMATION_FORMAT = dwarf;
				ENABLE_STRICT_OBJC_MSGSEND = YES;
				ENABLE_TESTABILITY = YES;
				GCC_C_LANGUAGE_STANDARD = gnu11;
				GCC_DYNAMIC_NO_PIC = NO;
				GCC_NO_COMMON_BLOCKS = YES;
				GCC_OPTIMIZATION_LEVEL = 0;
				GCC_PREPROCESSOR_DEFINITIONS = (
					"DEBUG=1",
					"$(inherited)",
				);
				GCC_WARN_64_TO_32_BIT_CONVERSION = YES;
				GCC_WARN_ABOUT_RETURN_TYPE = YES_ERROR;
				GCC_WARN_UNDECLARED_SELECTOR = YES;
				GCC_WARN_UNINITIALIZED_AUTOS = YES_AGGRESSIVE;
				GCC_WARN_UNUSED_FUNCTION = YES;
				GCC_WARN_UNUSED_VARIABLE = YES;
				IPHONEOS_DEPLOYMENT_TARGET = 12.2;
				MTL_ENABLE_DEBUG_INFO = INCLUDE_SOURCE;
				MTL_FAST_MATH = YES;
				ONLY_ACTIVE_ARCH = YES;
				SDKROOT = iphoneos;
				SWIFT_ACTIVE_COMPILATION_CONDITIONS = DEBUG;
				SWIFT_OPTIMIZATION_LEVEL = "-Onone";
			};
			name = Debug;
		};
		0DDED90622F67BA6008260BC /* Release */ = {
			isa = XCBuildConfiguration;
			buildSettings = {
				ALWAYS_SEARCH_USER_PATHS = NO;
				CLANG_ANALYZER_NONNULL = YES;
				CLANG_ANALYZER_NUMBER_OBJECT_CONVERSION = YES_AGGRESSIVE;
				CLANG_CXX_LANGUAGE_STANDARD = "gnu++14";
				CLANG_CXX_LIBRARY = "libc++";
				CLANG_ENABLE_MODULES = YES;
				CLANG_ENABLE_OBJC_ARC = YES;
				CLANG_ENABLE_OBJC_WEAK = YES;
				CLANG_WARN_BLOCK_CAPTURE_AUTORELEASING = YES;
				CLANG_WARN_BOOL_CONVERSION = YES;
				CLANG_WARN_COMMA = YES;
				CLANG_WARN_CONSTANT_CONVERSION = YES;
				CLANG_WARN_DEPRECATED_OBJC_IMPLEMENTATIONS = YES;
				CLANG_WARN_DIRECT_OBJC_ISA_USAGE = YES_ERROR;
				CLANG_WARN_DOCUMENTATION_COMMENTS = YES;
				CLANG_WARN_EMPTY_BODY = YES;
				CLANG_WARN_ENUM_CONVERSION = YES;
				CLANG_WARN_INFINITE_RECURSION = YES;
				CLANG_WARN_INT_CONVERSION = YES;
				CLANG_WARN_NON_LITERAL_NULL_CONVERSION = YES;
				CLANG_WARN_OBJC_IMPLICIT_RETAIN_SELF = YES;
				CLANG_WARN_OBJC_LITERAL_CONVERSION = YES;
				CLANG_WARN_OBJC_ROOT_CLASS = YES_ERROR;
				CLANG_WARN_RANGE_LOOP_ANALYSIS = YES;
				CLANG_WARN_STRICT_PROTOTYPES = YES;
				CLANG_WARN_SUSPICIOUS_MOVE = YES;
				CLANG_WARN_UNGUARDED_AVAILABILITY = YES_AGGRESSIVE;
				CLANG_WARN_UNREACHABLE_CODE = YES;
				CLANG_WARN__DUPLICATE_METHOD_MATCH = YES;
				CODE_SIGN_IDENTITY = "iPhone Developer";
				COPY_PHASE_STRIP = NO;
				DEBUG_INFORMATION_FORMAT = "dwarf-with-dsym";
				ENABLE_NS_ASSERTIONS = NO;
				ENABLE_STRICT_OBJC_MSGSEND = YES;
				GCC_C_LANGUAGE_STANDARD = gnu11;
				GCC_NO_COMMON_BLOCKS = YES;
				GCC_WARN_64_TO_32_BIT_CONVERSION = YES;
				GCC_WARN_ABOUT_RETURN_TYPE = YES_ERROR;
				GCC_WARN_UNDECLARED_SELECTOR = YES;
				GCC_WARN_UNINITIALIZED_AUTOS = YES_AGGRESSIVE;
				GCC_WARN_UNUSED_FUNCTION = YES;
				GCC_WARN_UNUSED_VARIABLE = YES;
				IPHONEOS_DEPLOYMENT_TARGET = 12.2;
				MTL_ENABLE_DEBUG_INFO = NO;
				MTL_FAST_MATH = YES;
				SDKROOT = iphoneos;
				SWIFT_COMPILATION_MODE = wholemodule;
				SWIFT_OPTIMIZATION_LEVEL = "-O";
				VALIDATE_PRODUCT = YES;
			};
			name = Release;
		};
		0DDED90822F67BA6008260BC /* Debug */ = {
			isa = XCBuildConfiguration;
			buildSettings = {
				ASSETCATALOG_COMPILER_COMPLICATION_NAME = Complication;
				CODE_SIGN_STYLE = Automatic;
				DEVELOPMENT_TEAM = A7Z8B7ZWX2;
				INFOPLIST_FILE = "CaraCoroa WatchKit Extension/Info.plist";
				LD_RUNPATH_SEARCH_PATHS = (
					"$(inherited)",
					"@executable_path/Frameworks",
					"@executable_path/../../Frameworks",
				);
				PRODUCT_BUNDLE_IDENTIFIER = com.duda.CaraCoroa.watchkitapp.watchkitextension;
				PRODUCT_NAME = "${TARGET_NAME}";
				SDKROOT = watchos;
				SKIP_INSTALL = YES;
				SWIFT_VERSION = 5.0;
				TARGETED_DEVICE_FAMILY = 4;
				WATCHOS_DEPLOYMENT_TARGET = 5.2;
			};
			name = Debug;
		};
		0DDED90922F67BA6008260BC /* Release */ = {
			isa = XCBuildConfiguration;
			buildSettings = {
				ASSETCATALOG_COMPILER_COMPLICATION_NAME = Complication;
				CODE_SIGN_STYLE = Automatic;
				DEVELOPMENT_TEAM = A7Z8B7ZWX2;
				INFOPLIST_FILE = "CaraCoroa WatchKit Extension/Info.plist";
				LD_RUNPATH_SEARCH_PATHS = (
					"$(inherited)",
					"@executable_path/Frameworks",
					"@executable_path/../../Frameworks",
				);
				PRODUCT_BUNDLE_IDENTIFIER = com.duda.CaraCoroa.watchkitapp.watchkitextension;
				PRODUCT_NAME = "${TARGET_NAME}";
				SDKROOT = watchos;
				SKIP_INSTALL = YES;
				SWIFT_VERSION = 5.0;
				TARGETED_DEVICE_FAMILY = 4;
				WATCHOS_DEPLOYMENT_TARGET = 5.2;
			};
			name = Release;
		};
		0DDED90C22F67BA6008260BC /* Debug */ = {
			isa = XCBuildConfiguration;
			buildSettings = {
				ALWAYS_EMBED_SWIFT_STANDARD_LIBRARIES = YES;
				ASSETCATALOG_COMPILER_APPICON_NAME = AppIcon;
				CODE_SIGN_STYLE = Automatic;
				DEVELOPMENT_TEAM = A7Z8B7ZWX2;
				IBSC_MODULE = CaraCoroa_WatchKit_Extension;
				INFOPLIST_FILE = "CaraCoroa WatchKit App/Info.plist";
				PRODUCT_BUNDLE_IDENTIFIER = com.duda.CaraCoroa.watchkitapp;
				PRODUCT_NAME = "$(TARGET_NAME)";
				SDKROOT = watchos;
				SKIP_INSTALL = YES;
				SWIFT_VERSION = 5.0;
				TARGETED_DEVICE_FAMILY = 4;
				WATCHOS_DEPLOYMENT_TARGET = 5.2;
			};
			name = Debug;
		};
		0DDED90D22F67BA6008260BC /* Release */ = {
			isa = XCBuildConfiguration;
			buildSettings = {
				ALWAYS_EMBED_SWIFT_STANDARD_LIBRARIES = YES;
				ASSETCATALOG_COMPILER_APPICON_NAME = AppIcon;
				CODE_SIGN_STYLE = Automatic;
				DEVELOPMENT_TEAM = A7Z8B7ZWX2;
				IBSC_MODULE = CaraCoroa_WatchKit_Extension;
				INFOPLIST_FILE = "CaraCoroa WatchKit App/Info.plist";
				PRODUCT_BUNDLE_IDENTIFIER = com.duda.CaraCoroa.watchkitapp;
				PRODUCT_NAME = "$(TARGET_NAME)";
				SDKROOT = watchos;
				SKIP_INSTALL = YES;
				SWIFT_VERSION = 5.0;
				TARGETED_DEVICE_FAMILY = 4;
				WATCHOS_DEPLOYMENT_TARGET = 5.2;
			};
			name = Release;
		};
		0DDED91022F67BA6008260BC /* Debug */ = {
			isa = XCBuildConfiguration;
			buildSettings = {
				ASSETCATALOG_COMPILER_APPICON_NAME = AppIcon;
				CODE_SIGN_STYLE = Automatic;
				DEVELOPMENT_TEAM = A7Z8B7ZWX2;
				INFOPLIST_FILE = CaraCoroa/Info.plist;
				LD_RUNPATH_SEARCH_PATHS = (
					"$(inherited)",
					"@executable_path/Frameworks",
				);
				PRODUCT_BUNDLE_IDENTIFIER = com.duda.CaraCoroa;
				PRODUCT_NAME = "$(TARGET_NAME)";
				SWIFT_VERSION = 5.0;
				TARGETED_DEVICE_FAMILY = "1,2";
			};
			name = Debug;
		};
		0DDED91122F67BA6008260BC /* Release */ = {
			isa = XCBuildConfiguration;
			buildSettings = {
				ASSETCATALOG_COMPILER_APPICON_NAME = AppIcon;
				CODE_SIGN_STYLE = Automatic;
				DEVELOPMENT_TEAM = A7Z8B7ZWX2;
				INFOPLIST_FILE = CaraCoroa/Info.plist;
				LD_RUNPATH_SEARCH_PATHS = (
					"$(inherited)",
					"@executable_path/Frameworks",
				);
				PRODUCT_BUNDLE_IDENTIFIER = com.duda.CaraCoroa;
				PRODUCT_NAME = "$(TARGET_NAME)";
				SWIFT_VERSION = 5.0;
				TARGETED_DEVICE_FAMILY = "1,2";
			};
			name = Release;
		};
/* End XCBuildConfiguration section */

/* Begin XCConfigurationList section */
		0DDED8D322F67B9E008260BC /* Build configuration list for PBXProject "CaraCoroa" */ = {
			isa = XCConfigurationList;
			buildConfigurations = (
				0DDED90522F67BA6008260BC /* Debug */,
				0DDED90622F67BA6008260BC /* Release */,
			);
			defaultConfigurationIsVisible = 0;
			defaultConfigurationName = Release;
		};
		0DDED90722F67BA6008260BC /* Build configuration list for PBXNativeTarget "CaraCoroa WatchKit Extension" */ = {
			isa = XCConfigurationList;
			buildConfigurations = (
				0DDED90822F67BA6008260BC /* Debug */,
				0DDED90922F67BA6008260BC /* Release */,
			);
			defaultConfigurationIsVisible = 0;
			defaultConfigurationName = Release;
		};
		0DDED90B22F67BA6008260BC /* Build configuration list for PBXNativeTarget "CaraCoroa WatchKit App" */ = {
			isa = XCConfigurationList;
			buildConfigurations = (
				0DDED90C22F67BA6008260BC /* Debug */,
				0DDED90D22F67BA6008260BC /* Release */,
			);
			defaultConfigurationIsVisible = 0;
			defaultConfigurationName = Release;
		};
		0DDED90F22F67BA6008260BC /* Build configuration list for PBXNativeTarget "CaraCoroa" */ = {
			isa = XCConfigurationList;
			buildConfigurations = (
				0DDED91022F67BA6008260BC /* Debug */,
				0DDED91122F67BA6008260BC /* Release */,
			);
			defaultConfigurationIsVisible = 0;
			defaultConfigurationName = Release;
		};
/* End XCConfigurationList section */
	};
	rootObject = 0DDED8D022F67B9E008260BC /* Project object */;
}
